// !$*UTF8*$!
{
	archiveVersion = 1;
	classes = {
	};
	objectVersion = 56;
	objects = {

/* Begin PBXBuildFile section */
		2A84BD2F2B343BF1005C53A6 /* HOOWHOApp.swift in Sources */ = {isa = PBXBuildFile; fileRef = 2A84BD2E2B343BF1005C53A6 /* HOOWHOApp.swift */; };
		2A84BD312B343BF1005C53A6 /* LaunchView.swift in Sources */ = {isa = PBXBuildFile; fileRef = 2A84BD302B343BF1005C53A6 /* LaunchView.swift */; };
		2A84BD332B343BF2005C53A6 /* Assets.xcassets in Resources */ = {isa = PBXBuildFile; fileRef = 2A84BD322B343BF2005C53A6 /* Assets.xcassets */; };
		2A84BD362B343BF2005C53A6 /* Preview Assets.xcassets in Resources */ = {isa = PBXBuildFile; fileRef = 2A84BD352B343BF2005C53A6 /* Preview Assets.xcassets */; };
		2AB663CC2B36CC2500DA945A /* RegistrationView.swift in Sources */ = {isa = PBXBuildFile; fileRef = 2AB663CB2B36CC2500DA945A /* RegistrationView.swift */; };
		2AB663D02B36CDF800DA945A /* ProfilePic.swift in Sources */ = {isa = PBXBuildFile; fileRef = 2AB663CD2B36CDF700DA945A /* ProfilePic.swift */; };
		2AB663D12B36CDF800DA945A /* NameView.swift in Sources */ = {isa = PBXBuildFile; fileRef = 2AB663CE2B36CDF800DA945A /* NameView.swift */; };
		2AB663D22B36CDF800DA945A /* Pollpage.swift in Sources */ = {isa = PBXBuildFile; fileRef = 2AB663CF2B36CDF800DA945A /* Pollpage.swift */; };
		2AB663D62B36D43B00DA945A /* RegistrationViewModel.swift in Sources */ = {isa = PBXBuildFile; fileRef = 2AB663D52B36D43B00DA945A /* RegistrationViewModel.swift */; };
		2AB663D92B36DEC700DA945A /* FirebaseAnalytics in Frameworks */ = {isa = PBXBuildFile; productRef = 2AB663D82B36DEC700DA945A /* FirebaseAnalytics */; };
		2AB663DB2B36DEC700DA945A /* FirebaseAnalyticsOnDeviceConversion in Frameworks */ = {isa = PBXBuildFile; productRef = 2AB663DA2B36DEC700DA945A /* FirebaseAnalyticsOnDeviceConversion */; };
		2AB663DD2B36DEC700DA945A /* FirebaseAnalyticsSwift in Frameworks */ = {isa = PBXBuildFile; productRef = 2AB663DC2B36DEC700DA945A /* FirebaseAnalyticsSwift */; };
		2AB663DF2B36DEC700DA945A /* FirebaseAnalyticsWithoutAdIdSupport in Frameworks */ = {isa = PBXBuildFile; productRef = 2AB663DE2B36DEC700DA945A /* FirebaseAnalyticsWithoutAdIdSupport */; };
		2AB663E12B36DEC700DA945A /* FirebaseAppCheck in Frameworks */ = {isa = PBXBuildFile; productRef = 2AB663E02B36DEC700DA945A /* FirebaseAppCheck */; };
		2AB663E32B36DEC700DA945A /* FirebaseAppDistribution-Beta in Frameworks */ = {isa = PBXBuildFile; productRef = 2AB663E22B36DEC700DA945A /* FirebaseAppDistribution-Beta */; };
		2AB663E52B36DEC700DA945A /* FirebaseAuth in Frameworks */ = {isa = PBXBuildFile; productRef = 2AB663E42B36DEC700DA945A /* FirebaseAuth */; };
		2AB663E72B36DEC700DA945A /* FirebaseAuthCombine-Community in Frameworks */ = {isa = PBXBuildFile; productRef = 2AB663E62B36DEC700DA945A /* FirebaseAuthCombine-Community */; };
		2AB663E92B36DEC700DA945A /* FirebaseCrashlytics in Frameworks */ = {isa = PBXBuildFile; productRef = 2AB663E82B36DEC700DA945A /* FirebaseCrashlytics */; };
		2AB663EB2B36DEC700DA945A /* FirebaseDatabase in Frameworks */ = {isa = PBXBuildFile; productRef = 2AB663EA2B36DEC700DA945A /* FirebaseDatabase */; };
		2AB663ED2B36DEC700DA945A /* FirebaseDatabaseSwift in Frameworks */ = {isa = PBXBuildFile; productRef = 2AB663EC2B36DEC700DA945A /* FirebaseDatabaseSwift */; };
		2AB663EF2B36DEC700DA945A /* FirebaseDynamicLinks in Frameworks */ = {isa = PBXBuildFile; productRef = 2AB663EE2B36DEC700DA945A /* FirebaseDynamicLinks */; };
		2AB663F12B36DEC700DA945A /* FirebaseFirestore in Frameworks */ = {isa = PBXBuildFile; productRef = 2AB663F02B36DEC700DA945A /* FirebaseFirestore */; };
		2AB663F32B36DEC700DA945A /* FirebaseFirestoreCombine-Community in Frameworks */ = {isa = PBXBuildFile; productRef = 2AB663F22B36DEC700DA945A /* FirebaseFirestoreCombine-Community */; };
		2AB663F52B36DEC700DA945A /* FirebaseFirestoreSwift in Frameworks */ = {isa = PBXBuildFile; productRef = 2AB663F42B36DEC700DA945A /* FirebaseFirestoreSwift */; };
		2AB663F72B36DEC700DA945A /* FirebaseFunctions in Frameworks */ = {isa = PBXBuildFile; productRef = 2AB663F62B36DEC700DA945A /* FirebaseFunctions */; };
		2AB663F92B36DEC700DA945A /* FirebaseFunctionsCombine-Community in Frameworks */ = {isa = PBXBuildFile; productRef = 2AB663F82B36DEC700DA945A /* FirebaseFunctionsCombine-Community */; };
		2AB663FB2B36DEC700DA945A /* FirebaseInAppMessaging-Beta in Frameworks */ = {isa = PBXBuildFile; productRef = 2AB663FA2B36DEC700DA945A /* FirebaseInAppMessaging-Beta */; };
		2AB663FD2B36DEC700DA945A /* FirebaseInAppMessagingSwift-Beta in Frameworks */ = {isa = PBXBuildFile; productRef = 2AB663FC2B36DEC700DA945A /* FirebaseInAppMessagingSwift-Beta */; };
		2AB663FF2B36DEC700DA945A /* FirebaseInstallations in Frameworks */ = {isa = PBXBuildFile; productRef = 2AB663FE2B36DEC700DA945A /* FirebaseInstallations */; };
		2AB664012B36DEC700DA945A /* FirebaseMLModelDownloader in Frameworks */ = {isa = PBXBuildFile; productRef = 2AB664002B36DEC700DA945A /* FirebaseMLModelDownloader */; };
		2AB664032B36DEC700DA945A /* FirebaseMessaging in Frameworks */ = {isa = PBXBuildFile; productRef = 2AB664022B36DEC700DA945A /* FirebaseMessaging */; };
		2AB664052B36DEC700DA945A /* FirebasePerformance in Frameworks */ = {isa = PBXBuildFile; productRef = 2AB664042B36DEC700DA945A /* FirebasePerformance */; };
		2AB664072B36DEC700DA945A /* FirebaseRemoteConfig in Frameworks */ = {isa = PBXBuildFile; productRef = 2AB664062B36DEC700DA945A /* FirebaseRemoteConfig */; };
		2AB664092B36DEC700DA945A /* FirebaseRemoteConfigSwift in Frameworks */ = {isa = PBXBuildFile; productRef = 2AB664082B36DEC700DA945A /* FirebaseRemoteConfigSwift */; };
		2AB6640B2B36DEC700DA945A /* FirebaseStorage in Frameworks */ = {isa = PBXBuildFile; productRef = 2AB6640A2B36DEC700DA945A /* FirebaseStorage */; };
		2AB6640D2B36DEC700DA945A /* FirebaseStorageCombine-Community in Frameworks */ = {isa = PBXBuildFile; productRef = 2AB6640C2B36DEC700DA945A /* FirebaseStorageCombine-Community */; };
		2AF2E33D2B35622F007F5785 /* GradePickerView.swift in Sources */ = {isa = PBXBuildFile; fileRef = 2AF2E33C2B35622F007F5785 /* GradePickerView.swift */; };
		2AF2E33F2B356EDE007F5785 /* SchoolPickerView.swift in Sources */ = {isa = PBXBuildFile; fileRef = 2AF2E33E2B356EDE007F5785 /* SchoolPickerView.swift */; };
		2AF2E3412B3574EB007F5785 /* SchoolViewModel.swift in Sources */ = {isa = PBXBuildFile; fileRef = 2AF2E3402B3574EA007F5785 /* SchoolViewModel.swift */; };
/* End PBXBuildFile section */

/* Begin PBXFileReference section */
		2A84BD2B2B343BF1005C53A6 /* HOOWHO.app */ = {isa = PBXFileReference; explicitFileType = wrapper.application; includeInIndex = 0; path = HOOWHO.app; sourceTree = BUILT_PRODUCTS_DIR; };
		2A84BD2E2B343BF1005C53A6 /* HOOWHOApp.swift */ = {isa = PBXFileReference; lastKnownFileType = sourcecode.swift; path = HOOWHOApp.swift; sourceTree = "<group>"; };
		2A84BD302B343BF1005C53A6 /* LaunchView.swift */ = {isa = PBXFileReference; lastKnownFileType = sourcecode.swift; path = LaunchView.swift; sourceTree = "<group>"; };
		2A84BD322B343BF2005C53A6 /* Assets.xcassets */ = {isa = PBXFileReference; lastKnownFileType = folder.assetcatalog; path = Assets.xcassets; sourceTree = "<group>"; };
		2A84BD352B343BF2005C53A6 /* Preview Assets.xcassets */ = {isa = PBXFileReference; lastKnownFileType = folder.assetcatalog; path = "Preview Assets.xcassets"; sourceTree = "<group>"; };
		2AB663CB2B36CC2500DA945A /* RegistrationView.swift */ = {isa = PBXFileReference; fileEncoding = 4; lastKnownFileType = sourcecode.swift; path = RegistrationView.swift; sourceTree = "<group>"; };
		2AB663CD2B36CDF700DA945A /* ProfilePic.swift */ = {isa = PBXFileReference; fileEncoding = 4; lastKnownFileType = sourcecode.swift; path = ProfilePic.swift; sourceTree = "<group>"; };
		2AB663CE2B36CDF800DA945A /* NameView.swift */ = {isa = PBXFileReference; fileEncoding = 4; lastKnownFileType = sourcecode.swift; path = NameView.swift; sourceTree = "<group>"; };
		2AB663CF2B36CDF800DA945A /* Pollpage.swift */ = {isa = PBXFileReference; fileEncoding = 4; lastKnownFileType = sourcecode.swift; path = Pollpage.swift; sourceTree = "<group>"; };
		2AB663D52B36D43B00DA945A /* RegistrationViewModel.swift */ = {isa = PBXFileReference; fileEncoding = 4; lastKnownFileType = sourcecode.swift; path = RegistrationViewModel.swift; sourceTree = "<group>"; };
		2AF2E33C2B35622F007F5785 /* GradePickerView.swift */ = {isa = PBXFileReference; fileEncoding = 4; lastKnownFileType = sourcecode.swift; path = GradePickerView.swift; sourceTree = "<group>"; };
		2AF2E33E2B356EDE007F5785 /* SchoolPickerView.swift */ = {isa = PBXFileReference; fileEncoding = 4; lastKnownFileType = sourcecode.swift; path = SchoolPickerView.swift; sourceTree = "<group>"; };
		2AF2E3402B3574EA007F5785 /* SchoolViewModel.swift */ = {isa = PBXFileReference; fileEncoding = 4; lastKnownFileType = sourcecode.swift; path = SchoolViewModel.swift; sourceTree = "<group>"; };
/* End PBXFileReference section */

/* Begin PBXFrameworksBuildPhase section */
		2A84BD282B343BF1005C53A6 /* Frameworks */ = {
			isa = PBXFrameworksBuildPhase;
			buildActionMask = 2147483647;
			files = (
				2AB663EB2B36DEC700DA945A /* FirebaseDatabase in Frameworks */,
				2AB663F92B36DEC700DA945A /* FirebaseFunctionsCombine-Community in Frameworks */,
				2AB663F12B36DEC700DA945A /* FirebaseFirestore in Frameworks */,
				2AB663DD2B36DEC700DA945A /* FirebaseAnalyticsSwift in Frameworks */,
				2AB663D92B36DEC700DA945A /* FirebaseAnalytics in Frameworks */,
				2AB663DB2B36DEC700DA945A /* FirebaseAnalyticsOnDeviceConversion in Frameworks */,
				2AB664012B36DEC700DA945A /* FirebaseMLModelDownloader in Frameworks */,
				2AB663F52B36DEC700DA945A /* FirebaseFirestoreSwift in Frameworks */,
				2AB663E12B36DEC700DA945A /* FirebaseAppCheck in Frameworks */,
				2AB663DF2B36DEC700DA945A /* FirebaseAnalyticsWithoutAdIdSupport in Frameworks */,
				2AB663E52B36DEC700DA945A /* FirebaseAuth in Frameworks */,
				2AB663E92B36DEC700DA945A /* FirebaseCrashlytics in Frameworks */,
				2AB664092B36DEC700DA945A /* FirebaseRemoteConfigSwift in Frameworks */,
				2AB663FB2B36DEC700DA945A /* FirebaseInAppMessaging-Beta in Frameworks */,
				2AB663ED2B36DEC700DA945A /* FirebaseDatabaseSwift in Frameworks */,
				2AB663F72B36DEC700DA945A /* FirebaseFunctions in Frameworks */,
				2AB6640D2B36DEC700DA945A /* FirebaseStorageCombine-Community in Frameworks */,
				2AB664072B36DEC700DA945A /* FirebaseRemoteConfig in Frameworks */,
				2AB663E32B36DEC700DA945A /* FirebaseAppDistribution-Beta in Frameworks */,
				2AB663E72B36DEC700DA945A /* FirebaseAuthCombine-Community in Frameworks */,
				2AB664052B36DEC700DA945A /* FirebasePerformance in Frameworks */,
				2AB663FD2B36DEC700DA945A /* FirebaseInAppMessagingSwift-Beta in Frameworks */,
				2AB6640B2B36DEC700DA945A /* FirebaseStorage in Frameworks */,
				2AB663EF2B36DEC700DA945A /* FirebaseDynamicLinks in Frameworks */,
				2AB663F32B36DEC700DA945A /* FirebaseFirestoreCombine-Community in Frameworks */,
				2AB664032B36DEC700DA945A /* FirebaseMessaging in Frameworks */,
				2AB663FF2B36DEC700DA945A /* FirebaseInstallations in Frameworks */,
			);
			runOnlyForDeploymentPostprocessing = 0;
		};
/* End PBXFrameworksBuildPhase section */

/* Begin PBXGroup section */
		2A84BD222B343BF1005C53A6 = {
			isa = PBXGroup;
			children = (
				2A84BD2D2B343BF1005C53A6 /* HOOWHO */,
				2A84BD2C2B343BF1005C53A6 /* Products */,
			);
			sourceTree = "<group>";
		};
		2A84BD2C2B343BF1005C53A6 /* Products */ = {
			isa = PBXGroup;
			children = (
				2A84BD2B2B343BF1005C53A6 /* HOOWHO.app */,
			);
			name = Products;
			sourceTree = "<group>";
		};
		2A84BD2D2B343BF1005C53A6 /* HOOWHO */ = {
			isa = PBXGroup;
			children = (
				2A84BD2E2B343BF1005C53A6 /* HOOWHOApp.swift */,
				2A84BD302B343BF1005C53A6 /* LaunchView.swift */,
				2AF2E33C2B35622F007F5785 /* GradePickerView.swift */,
				2AF2E33E2B356EDE007F5785 /* SchoolPickerView.swift */,
				2AF2E3402B3574EA007F5785 /* SchoolViewModel.swift */,
				2AB663CB2B36CC2500DA945A /* RegistrationView.swift */,
				2AB663D52B36D43B00DA945A /* RegistrationViewModel.swift */,
				2AB663CE2B36CDF800DA945A /* NameView.swift */,
				2AB663CD2B36CDF700DA945A /* ProfilePic.swift */,
				2AB663CF2B36CDF800DA945A /* Pollpage.swift */,
				2A84BD322B343BF2005C53A6 /* Assets.xcassets */,
				2A84BD342B343BF2005C53A6 /* Preview Content */,
			);
			path = HOOWHO;
			sourceTree = "<group>";
		};
		2A84BD342B343BF2005C53A6 /* Preview Content */ = {
			isa = PBXGroup;
			children = (
				2A84BD352B343BF2005C53A6 /* Preview Assets.xcassets */,
			);
			path = "Preview Content";
			sourceTree = "<group>";
		};
/* End PBXGroup section */

/* Begin PBXNativeTarget section */
		2A84BD2A2B343BF1005C53A6 /* HOOWHO */ = {
			isa = PBXNativeTarget;
			buildConfigurationList = 2A84BD392B343BF2005C53A6 /* Build configuration list for PBXNativeTarget "HOOWHO" */;
			buildPhases = (
				2A84BD272B343BF1005C53A6 /* Sources */,
				2A84BD282B343BF1005C53A6 /* Frameworks */,
				2A84BD292B343BF1005C53A6 /* Resources */,
			);
			buildRules = (
			);
			dependencies = (
			);
			name = HOOWHO;
			packageProductDependencies = (
				2AB663D82B36DEC700DA945A /* FirebaseAnalytics */,
				2AB663DA2B36DEC700DA945A /* FirebaseAnalyticsOnDeviceConversion */,
				2AB663DC2B36DEC700DA945A /* FirebaseAnalyticsSwift */,
				2AB663DE2B36DEC700DA945A /* FirebaseAnalyticsWithoutAdIdSupport */,
				2AB663E02B36DEC700DA945A /* FirebaseAppCheck */,
				2AB663E22B36DEC700DA945A /* FirebaseAppDistribution-Beta */,
				2AB663E42B36DEC700DA945A /* FirebaseAuth */,
				2AB663E62B36DEC700DA945A /* FirebaseAuthCombine-Community */,
				2AB663E82B36DEC700DA945A /* FirebaseCrashlytics */,
				2AB663EA2B36DEC700DA945A /* FirebaseDatabase */,
				2AB663EC2B36DEC700DA945A /* FirebaseDatabaseSwift */,
				2AB663EE2B36DEC700DA945A /* FirebaseDynamicLinks */,
				2AB663F02B36DEC700DA945A /* FirebaseFirestore */,
				2AB663F22B36DEC700DA945A /* FirebaseFirestoreCombine-Community */,
				2AB663F42B36DEC700DA945A /* FirebaseFirestoreSwift */,
				2AB663F62B36DEC700DA945A /* FirebaseFunctions */,
				2AB663F82B36DEC700DA945A /* FirebaseFunctionsCombine-Community */,
				2AB663FA2B36DEC700DA945A /* FirebaseInAppMessaging-Beta */,
				2AB663FC2B36DEC700DA945A /* FirebaseInAppMessagingSwift-Beta */,
				2AB663FE2B36DEC700DA945A /* FirebaseInstallations */,
				2AB664002B36DEC700DA945A /* FirebaseMLModelDownloader */,
				2AB664022B36DEC700DA945A /* FirebaseMessaging */,
				2AB664042B36DEC700DA945A /* FirebasePerformance */,
				2AB664062B36DEC700DA945A /* FirebaseRemoteConfig */,
				2AB664082B36DEC700DA945A /* FirebaseRemoteConfigSwift */,
				2AB6640A2B36DEC700DA945A /* FirebaseStorage */,
				2AB6640C2B36DEC700DA945A /* FirebaseStorageCombine-Community */,
			);
			productName = HOOWHO;
			productReference = 2A84BD2B2B343BF1005C53A6 /* HOOWHO.app */;
			productType = "com.apple.product-type.application";
		};
/* End PBXNativeTarget section */

/* Begin PBXProject section */
		2A84BD232B343BF1005C53A6 /* Project object */ = {
			isa = PBXProject;
			attributes = {
				BuildIndependentTargetsInParallel = 1;
				LastSwiftUpdateCheck = 1430;
				LastUpgradeCheck = 1430;
				TargetAttributes = {
					2A84BD2A2B343BF1005C53A6 = {
						CreatedOnToolsVersion = 14.3.1;
					};
				};
			};
			buildConfigurationList = 2A84BD262B343BF1005C53A6 /* Build configuration list for PBXProject "HOOWHO" */;
			compatibilityVersion = "Xcode 14.0";
			developmentRegion = en;
			hasScannedForEncodings = 0;
			knownRegions = (
				en,
				Base,
			);
			mainGroup = 2A84BD222B343BF1005C53A6;
			packageReferences = (
				2AB663D72B36DEC700DA945A /* XCRemoteSwiftPackageReference "firebase-ios-sdk" */,
			);
			productRefGroup = 2A84BD2C2B343BF1005C53A6 /* Products */;
			projectDirPath = "";
			projectRoot = "";
			targets = (
				2A84BD2A2B343BF1005C53A6 /* HOOWHO */,
			);
		};
/* End PBXProject section */

/* Begin PBXResourcesBuildPhase section */
		2A84BD292B343BF1005C53A6 /* Resources */ = {
			isa = PBXResourcesBuildPhase;
			buildActionMask = 2147483647;
			files = (
				2A84BD362B343BF2005C53A6 /* Preview Assets.xcassets in Resources */,
				2A84BD332B343BF2005C53A6 /* Assets.xcassets in Resources */,
			);
			runOnlyForDeploymentPostprocessing = 0;
		};
/* End PBXResourcesBuildPhase section */

/* Begin PBXSourcesBuildPhase section */
		2A84BD272B343BF1005C53A6 /* Sources */ = {
			isa = PBXSourcesBuildPhase;
			buildActionMask = 2147483647;
			files = (
				2AF2E3412B3574EB007F5785 /* SchoolViewModel.swift in Sources */,
				2AB663D22B36CDF800DA945A /* Pollpage.swift in Sources */,
				2AB663D02B36CDF800DA945A /* ProfilePic.swift in Sources */,
				2AB663CC2B36CC2500DA945A /* RegistrationView.swift in Sources */,
				2AF2E33D2B35622F007F5785 /* GradePickerView.swift in Sources */,
				2AB663D62B36D43B00DA945A /* RegistrationViewModel.swift in Sources */,
				2A84BD312B343BF1005C53A6 /* LaunchView.swift in Sources */,
				2AB663D12B36CDF800DA945A /* NameView.swift in Sources */,
				2AF2E33F2B356EDE007F5785 /* SchoolPickerView.swift in Sources */,
				2A84BD2F2B343BF1005C53A6 /* HOOWHOApp.swift in Sources */,
			);
			runOnlyForDeploymentPostprocessing = 0;
		};
/* End PBXSourcesBuildPhase section */

/* Begin XCBuildConfiguration section */
		2A84BD372B343BF2005C53A6 /* Debug */ = {
			isa = XCBuildConfiguration;
			buildSettings = {
				ALWAYS_SEARCH_USER_PATHS = NO;
				CLANG_ANALYZER_NONNULL = YES;
				CLANG_ANALYZER_NUMBER_OBJECT_CONVERSION = YES_AGGRESSIVE;
				CLANG_CXX_LANGUAGE_STANDARD = "gnu++20";
				CLANG_ENABLE_MODULES = YES;
				CLANG_ENABLE_OBJC_ARC = YES;
				CLANG_ENABLE_OBJC_WEAK = YES;
				CLANG_WARN_BLOCK_CAPTURE_AUTORELEASING = YES;
				CLANG_WARN_BOOL_CONVERSION = YES;
				CLANG_WARN_COMMA = YES;
				CLANG_WARN_CONSTANT_CONVERSION = YES;
				CLANG_WARN_DEPRECATED_OBJC_IMPLEMENTATIONS = YES;
				CLANG_WARN_DIRECT_OBJC_ISA_USAGE = YES_ERROR;
				CLANG_WARN_DOCUMENTATION_COMMENTS = YES;
				CLANG_WARN_EMPTY_BODY = YES;
				CLANG_WARN_ENUM_CONVERSION = YES;
				CLANG_WARN_INFINITE_RECURSION = YES;
				CLANG_WARN_INT_CONVERSION = YES;
				CLANG_WARN_NON_LITERAL_NULL_CONVERSION = YES;
				CLANG_WARN_OBJC_IMPLICIT_RETAIN_SELF = YES;
				CLANG_WARN_OBJC_LITERAL_CONVERSION = YES;
				CLANG_WARN_OBJC_ROOT_CLASS = YES_ERROR;
				CLANG_WARN_QUOTED_INCLUDE_IN_FRAMEWORK_HEADER = YES;
				CLANG_WARN_RANGE_LOOP_ANALYSIS = YES;
				CLANG_WARN_STRICT_PROTOTYPES = YES;
				CLANG_WARN_SUSPICIOUS_MOVE = YES;
				CLANG_WARN_UNGUARDED_AVAILABILITY = YES_AGGRESSIVE;
				CLANG_WARN_UNREACHABLE_CODE = YES;
				CLANG_WARN__DUPLICATE_METHOD_MATCH = YES;
				COPY_PHASE_STRIP = NO;
				DEBUG_INFORMATION_FORMAT = dwarf;
				ENABLE_STRICT_OBJC_MSGSEND = YES;
				ENABLE_TESTABILITY = YES;
				GCC_C_LANGUAGE_STANDARD = gnu11;
				GCC_DYNAMIC_NO_PIC = NO;
				GCC_NO_COMMON_BLOCKS = YES;
				GCC_OPTIMIZATION_LEVEL = 0;
				GCC_PREPROCESSOR_DEFINITIONS = (
					"DEBUG=1",
					"$(inherited)",
				);
				GCC_WARN_64_TO_32_BIT_CONVERSION = YES;
				GCC_WARN_ABOUT_RETURN_TYPE = YES_ERROR;
				GCC_WARN_UNDECLARED_SELECTOR = YES;
				GCC_WARN_UNINITIALIZED_AUTOS = YES_AGGRESSIVE;
				GCC_WARN_UNUSED_FUNCTION = YES;
				GCC_WARN_UNUSED_VARIABLE = YES;
				IPHONEOS_DEPLOYMENT_TARGET = 16.4;
				MTL_ENABLE_DEBUG_INFO = INCLUDE_SOURCE;
				MTL_FAST_MATH = YES;
				ONLY_ACTIVE_ARCH = YES;
				SDKROOT = iphoneos;
				SWIFT_ACTIVE_COMPILATION_CONDITIONS = DEBUG;
				SWIFT_OPTIMIZATION_LEVEL = "-Onone";
			};
			name = Debug;
		};
		2A84BD382B343BF2005C53A6 /* Release */ = {
			isa = XCBuildConfiguration;
			buildSettings = {
				ALWAYS_SEARCH_USER_PATHS = NO;
				CLANG_ANALYZER_NONNULL = YES;
				CLANG_ANALYZER_NUMBER_OBJECT_CONVERSION = YES_AGGRESSIVE;
				CLANG_CXX_LANGUAGE_STANDARD = "gnu++20";
				CLANG_ENABLE_MODULES = YES;
				CLANG_ENABLE_OBJC_ARC = YES;
				CLANG_ENABLE_OBJC_WEAK = YES;
				CLANG_WARN_BLOCK_CAPTURE_AUTORELEASING = YES;
				CLANG_WARN_BOOL_CONVERSION = YES;
				CLANG_WARN_COMMA = YES;
				CLANG_WARN_CONSTANT_CONVERSION = YES;
				CLANG_WARN_DEPRECATED_OBJC_IMPLEMENTATIONS = YES;
				CLANG_WARN_DIRECT_OBJC_ISA_USAGE = YES_ERROR;
				CLANG_WARN_DOCUMENTATION_COMMENTS = YES;
				CLANG_WARN_EMPTY_BODY = YES;
				CLANG_WARN_ENUM_CONVERSION = YES;
				CLANG_WARN_INFINITE_RECURSION = YES;
				CLANG_WARN_INT_CONVERSION = YES;
				CLANG_WARN_NON_LITERAL_NULL_CONVERSION = YES;
				CLANG_WARN_OBJC_IMPLICIT_RETAIN_SELF = YES;
				CLANG_WARN_OBJC_LITERAL_CONVERSION = YES;
				CLANG_WARN_OBJC_ROOT_CLASS = YES_ERROR;
				CLANG_WARN_QUOTED_INCLUDE_IN_FRAMEWORK_HEADER = YES;
				CLANG_WARN_RANGE_LOOP_ANALYSIS = YES;
				CLANG_WARN_STRICT_PROTOTYPES = YES;
				CLANG_WARN_SUSPICIOUS_MOVE = YES;
				CLANG_WARN_UNGUARDED_AVAILABILITY = YES_AGGRESSIVE;
				CLANG_WARN_UNREACHABLE_CODE = YES;
				CLANG_WARN__DUPLICATE_METHOD_MATCH = YES;
				COPY_PHASE_STRIP = NO;
				DEBUG_INFORMATION_FORMAT = "dwarf-with-dsym";
				ENABLE_NS_ASSERTIONS = NO;
				ENABLE_STRICT_OBJC_MSGSEND = YES;
				GCC_C_LANGUAGE_STANDARD = gnu11;
				GCC_NO_COMMON_BLOCKS = YES;
				GCC_WARN_64_TO_32_BIT_CONVERSION = YES;
				GCC_WARN_ABOUT_RETURN_TYPE = YES_ERROR;
				GCC_WARN_UNDECLARED_SELECTOR = YES;
				GCC_WARN_UNINITIALIZED_AUTOS = YES_AGGRESSIVE;
				GCC_WARN_UNUSED_FUNCTION = YES;
				GCC_WARN_UNUSED_VARIABLE = YES;
				IPHONEOS_DEPLOYMENT_TARGET = 16.4;
				MTL_ENABLE_DEBUG_INFO = NO;
				MTL_FAST_MATH = YES;
				SDKROOT = iphoneos;
				SWIFT_COMPILATION_MODE = wholemodule;
				SWIFT_OPTIMIZATION_LEVEL = "-O";
				VALIDATE_PRODUCT = YES;
			};
			name = Release;
		};
		2A84BD3A2B343BF2005C53A6 /* Debug */ = {
			isa = XCBuildConfiguration;
			buildSettings = {
				ASSETCATALOG_COMPILER_APPICON_NAME = AppIcon;
				ASSETCATALOG_COMPILER_GLOBAL_ACCENT_COLOR_NAME = AccentColor;
				CODE_SIGN_STYLE = Automatic;
				CURRENT_PROJECT_VERSION = 1;
				DEVELOPMENT_ASSET_PATHS = "\"HOOWHO/Preview Content\"";
				DEVELOPMENT_TEAM = SWUJVC3H2Z;
				ENABLE_PREVIEWS = YES;
				GENERATE_INFOPLIST_FILE = YES;
				INFOPLIST_KEY_UIApplicationSceneManifest_Generation = YES;
				INFOPLIST_KEY_UIApplicationSupportsIndirectInputEvents = YES;
				INFOPLIST_KEY_UILaunchScreen_Generation = YES;
				INFOPLIST_KEY_UISupportedInterfaceOrientations_iPad = "UIInterfaceOrientationPortrait UIInterfaceOrientationPortraitUpsideDown UIInterfaceOrientationLandscapeLeft UIInterfaceOrientationLandscapeRight";
				INFOPLIST_KEY_UISupportedInterfaceOrientations_iPhone = "UIInterfaceOrientationPortrait UIInterfaceOrientationLandscapeLeft UIInterfaceOrientationLandscapeRight";
				LD_RUNPATH_SEARCH_PATHS = (
					"$(inherited)",
					"@executable_path/Frameworks",
				);
				MARKETING_VERSION = 1.0;
				PRODUCT_BUNDLE_IDENTIFIER = Keith.HOOWHO;
				PRODUCT_NAME = "$(TARGET_NAME)";
				SWIFT_EMIT_LOC_STRINGS = YES;
				SWIFT_VERSION = 5.0;
				TARGETED_DEVICE_FAMILY = "1,2";
			};
			name = Debug;
		};
		2A84BD3B2B343BF2005C53A6 /* Release */ = {
			isa = XCBuildConfiguration;
			buildSettings = {
				ASSETCATALOG_COMPILER_APPICON_NAME = AppIcon;
				ASSETCATALOG_COMPILER_GLOBAL_ACCENT_COLOR_NAME = AccentColor;
				CODE_SIGN_STYLE = Automatic;
				CURRENT_PROJECT_VERSION = 1;
				DEVELOPMENT_ASSET_PATHS = "\"HOOWHO/Preview Content\"";
				DEVELOPMENT_TEAM = SWUJVC3H2Z;
				ENABLE_PREVIEWS = YES;
				GENERATE_INFOPLIST_FILE = YES;
				INFOPLIST_KEY_UIApplicationSceneManifest_Generation = YES;
				INFOPLIST_KEY_UIApplicationSupportsIndirectInputEvents = YES;
				INFOPLIST_KEY_UILaunchScreen_Generation = YES;
				INFOPLIST_KEY_UISupportedInterfaceOrientations_iPad = "UIInterfaceOrientationPortrait UIInterfaceOrientationPortraitUpsideDown UIInterfaceOrientationLandscapeLeft UIInterfaceOrientationLandscapeRight";
				INFOPLIST_KEY_UISupportedInterfaceOrientations_iPhone = "UIInterfaceOrientationPortrait UIInterfaceOrientationLandscapeLeft UIInterfaceOrientationLandscapeRight";
				LD_RUNPATH_SEARCH_PATHS = (
					"$(inherited)",
					"@executable_path/Frameworks",
				);
				MARKETING_VERSION = 1.0;
				PRODUCT_BUNDLE_IDENTIFIER = Keith.HOOWHO;
				PRODUCT_NAME = "$(TARGET_NAME)";
				SWIFT_EMIT_LOC_STRINGS = YES;
				SWIFT_VERSION = 5.0;
				TARGETED_DEVICE_FAMILY = "1,2";
			};
			name = Release;
		};
/* End XCBuildConfiguration section */

/* Begin XCConfigurationList section */
		2A84BD262B343BF1005C53A6 /* Build configuration list for PBXProject "HOOWHO" */ = {
			isa = XCConfigurationList;
			buildConfigurations = (
				2A84BD372B343BF2005C53A6 /* Debug */,
				2A84BD382B343BF2005C53A6 /* Release */,
			);
			defaultConfigurationIsVisible = 0;
			defaultConfigurationName = Release;
		};
		2A84BD392B343BF2005C53A6 /* Build configuration list for PBXNativeTarget "HOOWHO" */ = {
			isa = XCConfigurationList;
			buildConfigurations = (
				2A84BD3A2B343BF2005C53A6 /* Debug */,
				2A84BD3B2B343BF2005C53A6 /* Release */,
			);
			defaultConfigurationIsVisible = 0;
			defaultConfigurationName = Release;
		};
/* End XCConfigurationList section */

/* Begin XCRemoteSwiftPackageReference section */
		2AB663D72B36DEC700DA945A /* XCRemoteSwiftPackageReference "firebase-ios-sdk" */ = {
			isa = XCRemoteSwiftPackageReference;
			repositoryURL = "https://github.com/firebase/firebase-ios-sdk";
			requirement = {
				kind = upToNextMajorVersion;
				minimumVersion = 10.0.0;
			};
		};
/* End XCRemoteSwiftPackageReference section */

/* Begin XCSwiftPackageProductDependency section */
		2AB663D82B36DEC700DA945A /* FirebaseAnalytics */ = {
			isa = XCSwiftPackageProductDependency;
			package = 2AB663D72B36DEC700DA945A /* XCRemoteSwiftPackageReference "firebase-ios-sdk" */;
			productName = FirebaseAnalytics;
		};
		2AB663DA2B36DEC700DA945A /* FirebaseAnalyticsOnDeviceConversion */ = {
			isa = XCSwiftPackageProductDependency;
			package = 2AB663D72B36DEC700DA945A /* XCRemoteSwiftPackageReference "firebase-ios-sdk" */;
			productName = FirebaseAnalyticsOnDeviceConversion;
		};
		2AB663DC2B36DEC700DA945A /* FirebaseAnalyticsSwift */ = {
			isa = XCSwiftPackageProductDependency;
			package = 2AB663D72B36DEC700DA945A /* XCRemoteSwiftPackageReference "firebase-ios-sdk" */;
			productName = FirebaseAnalyticsSwift;
		};
		2AB663DE2B36DEC700DA945A /* FirebaseAnalyticsWithoutAdIdSupport */ = {
			isa = XCSwiftPackageProductDependency;
			package = 2AB663D72B36DEC700DA945A /* XCRemoteSwiftPackageReference "firebase-ios-sdk" */;
			productName = FirebaseAnalyticsWithoutAdIdSupport;
		};
		2AB663E02B36DEC700DA945A /* FirebaseAppCheck */ = {
			isa = XCSwiftPackageProductDependency;
			package = 2AB663D72B36DEC700DA945A /* XCRemoteSwiftPackageReference "firebase-ios-sdk" */;
			productName = FirebaseAppCheck;
		};
		2AB663E22B36DEC700DA945A /* FirebaseAppDistribution-Beta */ = {
			isa = XCSwiftPackageProductDependency;
			package = 2AB663D72B36DEC700DA945A /* XCRemoteSwiftPackageReference "firebase-ios-sdk" */;
			productName = "FirebaseAppDistribution-Beta";
		};
		2AB663E42B36DEC700DA945A /* FirebaseAuth */ = {
			isa = XCSwiftPackageProductDependency;
			package = 2AB663D72B36DEC700DA945A /* XCRemoteSwiftPackageReference "firebase-ios-sdk" */;
			productName = FirebaseAuth;
		};
		2AB663E62B36DEC700DA945A /* FirebaseAuthCombine-Community */ = {
			isa = XCSwiftPackageProductDependency;
			package = 2AB663D72B36DEC700DA945A /* XCRemoteSwiftPackageReference "firebase-ios-sdk" */;
			productName = "FirebaseAuthCombine-Community";
		};
		2AB663E82B36DEC700DA945A /* FirebaseCrashlytics */ = {
			isa = XCSwiftPackageProductDependency;
			package = 2AB663D72B36DEC700DA945A /* XCRemoteSwiftPackageReference "firebase-ios-sdk" */;
			productName = FirebaseCrashlytics;
		};
		2AB663EA2B36DEC700DA945A /* FirebaseDatabase */ = {
			isa = XCSwiftPackageProductDependency;
			package = 2AB663D72B36DEC700DA945A /* XCRemoteSwiftPackageReference "firebase-ios-sdk" */;
			productName = FirebaseDatabase;
		};
		2AB663EC2B36DEC700DA945A /* FirebaseDatabaseSwift */ = {
			isa = XCSwiftPackageProductDependency;
			package = 2AB663D72B36DEC700DA945A /* XCRemoteSwiftPackageReference "firebase-ios-sdk" */;
			productName = FirebaseDatabaseSwift;
		};
		2AB663EE2B36DEC700DA945A /* FirebaseDynamicLinks */ = {
			isa = XCSwiftPackageProductDependency;
			package = 2AB663D72B36DEC700DA945A /* XCRemoteSwiftPackageReference "firebase-ios-sdk" */;
			productName = FirebaseDynamicLinks;
		};
		2AB663F02B36DEC700DA945A /* FirebaseFirestore */ = {
			isa = XCSwiftPackageProductDependency;
			package = 2AB663D72B36DEC700DA945A /* XCRemoteSwiftPackageReference "firebase-ios-sdk" */;
			productName = FirebaseFirestore;
		};
		2AB663F22B36DEC700DA945A /* FirebaseFirestoreCombine-Community */ = {
			isa = XCSwiftPackageProductDependency;
			package = 2AB663D72B36DEC700DA945A /* XCRemoteSwiftPackageReference "firebase-ios-sdk" */;
			productName = "FirebaseFirestoreCombine-Community";
		};
		2AB663F42B36DEC700DA945A /* FirebaseFirestoreSwift */ = {
			isa = XCSwiftPackageProductDependency;
			package = 2AB663D72B36DEC700DA945A /* XCRemoteSwiftPackageReference "firebase-ios-sdk" */;
			productName = FirebaseFirestoreSwift;
		};
		2AB663F62B36DEC700DA945A /* FirebaseFunctions */ = {
			isa = XCSwiftPackageProductDependency;
			package = 2AB663D72B36DEC700DA945A /* XCRemoteSwiftPackageReference "firebase-ios-sdk" */;
			productName = FirebaseFunctions;
		};
		2AB663F82B36DEC700DA945A /* FirebaseFunctionsCombine-Community */ = {
			isa = XCSwiftPackageProductDependency;
			package = 2AB663D72B36DEC700DA945A /* XCRemoteSwiftPackageReference "firebase-ios-sdk" */;
			productName = "FirebaseFunctionsCombine-Community";
		};
		2AB663FA2B36DEC700DA945A /* FirebaseInAppMessaging-Beta */ = {
			isa = XCSwiftPackageProductDependency;
			package = 2AB663D72B36DEC700DA945A /* XCRemoteSwiftPackageReference "firebase-ios-sdk" */;
			productName = "FirebaseInAppMessaging-Beta";
		};
		2AB663FC2B36DEC700DA945A /* FirebaseInAppMessagingSwift-Beta */ = {
			isa = XCSwiftPackageProductDependency;
			package = 2AB663D72B36DEC700DA945A /* XCRemoteSwiftPackageReference "firebase-ios-sdk" */;
			productName = "FirebaseInAppMessagingSwift-Beta";
		};
		2AB663FE2B36DEC700DA945A /* FirebaseInstallations */ = {
			isa = XCSwiftPackageProductDependency;
			package = 2AB663D72B36DEC700DA945A /* XCRemoteSwiftPackageReference "firebase-ios-sdk" */;
			productName = FirebaseInstallations;
		};
		2AB664002B36DEC700DA945A /* FirebaseMLModelDownloader */ = {
			isa = XCSwiftPackageProductDependency;
			package = 2AB663D72B36DEC700DA945A /* XCRemoteSwiftPackageReference "firebase-ios-sdk" */;
			productName = FirebaseMLModelDownloader;
		};
		2AB664022B36DEC700DA945A /* FirebaseMessaging */ = {
			isa = XCSwiftPackageProductDependency;
			package = 2AB663D72B36DEC700DA945A /* XCRemoteSwiftPackageReference "firebase-ios-sdk" */;
			productName = FirebaseMessaging;
		};
		2AB664042B36DEC700DA945A /* FirebasePerformance */ = {
			isa = XCSwiftPackageProductDependency;
			package = 2AB663D72B36DEC700DA945A /* XCRemoteSwiftPackageReference "firebase-ios-sdk" */;
			productName = FirebasePerformance;
		};
		2AB664062B36DEC700DA945A /* FirebaseRemoteConfig */ = {
			isa = XCSwiftPackageProductDependency;
			package = 2AB663D72B36DEC700DA945A /* XCRemoteSwiftPackageReference "firebase-ios-sdk" */;
			productName = FirebaseRemoteConfig;
		};
		2AB664082B36DEC700DA945A /* FirebaseRemoteConfigSwift */ = {
			isa = XCSwiftPackageProductDependency;
			package = 2AB663D72B36DEC700DA945A /* XCRemoteSwiftPackageReference "firebase-ios-sdk" */;
			productName = FirebaseRemoteConfigSwift;
		};
		2AB6640A2B36DEC700DA945A /* FirebaseStorage */ = {
			isa = XCSwiftPackageProductDependency;
			package = 2AB663D72B36DEC700DA945A /* XCRemoteSwiftPackageReference "firebase-ios-sdk" */;
			productName = FirebaseStorage;
		};
		2AB6640C2B36DEC700DA945A /* FirebaseStorageCombine-Community */ = {
			isa = XCSwiftPackageProductDependency;
			package = 2AB663D72B36DEC700DA945A /* XCRemoteSwiftPackageReference "firebase-ios-sdk" */;
			productName = "FirebaseStorageCombine-Community";
		};
/* End XCSwiftPackageProductDependency section */
	};
	rootObject = 2A84BD232B343BF1005C53A6 /* Project object */;
}
